// !$*UTF8*$!
{
	archiveVersion = 1;
	classes = {
	};
	objectVersion = 50;
	objects = {

/* Begin PBXBuildFile section */
		4462FEF523F4AE9A009A9F66 /* AppDelegate.swift in Sources */ = {isa = PBXBuildFile; fileRef = 4462FEF423F4AE9A009A9F66 /* AppDelegate.swift */; };
		4462FEF723F4AE9A009A9F66 /* SceneDelegate.swift in Sources */ = {isa = PBXBuildFile; fileRef = 4462FEF623F4AE9A009A9F66 /* SceneDelegate.swift */; };
		4462FEF923F4AE9A009A9F66 /* ViewController.swift in Sources */ = {isa = PBXBuildFile; fileRef = 4462FEF823F4AE9A009A9F66 /* ViewController.swift */; };
		4462FEFC23F4AE9A009A9F66 /* Main.storyboard in Resources */ = {isa = PBXBuildFile; fileRef = 4462FEFA23F4AE9A009A9F66 /* Main.storyboard */; };
		4462FEFE23F4AE9B009A9F66 /* Assets.xcassets in Resources */ = {isa = PBXBuildFile; fileRef = 4462FEFD23F4AE9B009A9F66 /* Assets.xcassets */; };
		4462FF0123F4AE9B009A9F66 /* LaunchScreen.storyboard in Resources */ = {isa = PBXBuildFile; fileRef = 4462FEFF23F4AE9B009A9F66 /* LaunchScreen.storyboard */; };
		4462FF0C23F4AE9B009A9F66 /* DropletTests.swift in Sources */ = {isa = PBXBuildFile; fileRef = 4462FF0B23F4AE9B009A9F66 /* DropletTests.swift */; };
		4462FF1723F4AE9B009A9F66 /* DropletUITests.swift in Sources */ = {isa = PBXBuildFile; fileRef = 4462FF1623F4AE9B009A9F66 /* DropletUITests.swift */; };
/* End PBXBuildFile section */

/* Begin PBXContainerItemProxy section */
		4462FF0823F4AE9B009A9F66 /* PBXContainerItemProxy */ = {
			isa = PBXContainerItemProxy;
			containerPortal = 4462FEE923F4AE9A009A9F66 /* Project object */;
			proxyType = 1;
			remoteGlobalIDString = 4462FEF023F4AE9A009A9F66;
			remoteInfo = Droplet;
		};
		4462FF1323F4AE9B009A9F66 /* PBXContainerItemProxy */ = {
			isa = PBXContainerItemProxy;
			containerPortal = 4462FEE923F4AE9A009A9F66 /* Project object */;
			proxyType = 1;
			remoteGlobalIDString = 4462FEF023F4AE9A009A9F66;
			remoteInfo = Droplet;
		};
/* End PBXContainerItemProxy section */

/* Begin PBXFileReference section */
		4462FEF123F4AE9A009A9F66 /* Droplet.app */ = {isa = PBXFileReference; explicitFileType = wrapper.application; includeInIndex = 0; path = Droplet.app; sourceTree = BUILT_PRODUCTS_DIR; };
		4462FEF423F4AE9A009A9F66 /* AppDelegate.swift */ = {isa = PBXFileReference; lastKnownFileType = sourcecode.swift; path = AppDelegate.swift; sourceTree = "<group>"; };
		4462FEF623F4AE9A009A9F66 /* SceneDelegate.swift */ = {isa = PBXFileReference; lastKnownFileType = sourcecode.swift; path = SceneDelegate.swift; sourceTree = "<group>"; };
		4462FEF823F4AE9A009A9F66 /* ViewController.swift */ = {isa = PBXFileReference; lastKnownFileType = sourcecode.swift; path = ViewController.swift; sourceTree = "<group>"; };
		4462FEFB23F4AE9A009A9F66 /* Base */ = {isa = PBXFileReference; lastKnownFileType = file.storyboard; name = Base; path = Base.lproj/Main.storyboard; sourceTree = "<group>"; };
		4462FEFD23F4AE9B009A9F66 /* Assets.xcassets */ = {isa = PBXFileReference; lastKnownFileType = folder.assetcatalog; path = Assets.xcassets; sourceTree = "<group>"; };
		4462FF0023F4AE9B009A9F66 /* Base */ = {isa = PBXFileReference; lastKnownFileType = file.storyboard; name = Base; path = Base.lproj/LaunchScreen.storyboard; sourceTree = "<group>"; };
		4462FF0223F4AE9B009A9F66 /* Info.plist */ = {isa = PBXFileReference; lastKnownFileType = text.plist.xml; path = Info.plist; sourceTree = "<group>"; };
		4462FF0723F4AE9B009A9F66 /* DropletTests.xctest */ = {isa = PBXFileReference; explicitFileType = wrapper.cfbundle; includeInIndex = 0; path = DropletTests.xctest; sourceTree = BUILT_PRODUCTS_DIR; };
		4462FF0B23F4AE9B009A9F66 /* DropletTests.swift */ = {isa = PBXFileReference; lastKnownFileType = sourcecode.swift; path = DropletTests.swift; sourceTree = "<group>"; };
		4462FF0D23F4AE9B009A9F66 /* Info.plist */ = {isa = PBXFileReference; lastKnownFileType = text.plist.xml; path = Info.plist; sourceTree = "<group>"; };
		4462FF1223F4AE9B009A9F66 /* DropletUITests.xctest */ = {isa = PBXFileReference; explicitFileType = wrapper.cfbundle; includeInIndex = 0; path = DropletUITests.xctest; sourceTree = BUILT_PRODUCTS_DIR; };
		4462FF1623F4AE9B009A9F66 /* DropletUITests.swift */ = {isa = PBXFileReference; lastKnownFileType = sourcecode.swift; path = DropletUITests.swift; sourceTree = "<group>"; };
		4462FF1823F4AE9B009A9F66 /* Info.plist */ = {isa = PBXFileReference; lastKnownFileType = text.plist.xml; path = Info.plist; sourceTree = "<group>"; };
/* End PBXFileReference section */

/* Begin PBXFrameworksBuildPhase section */
		4462FEEE23F4AE9A009A9F66 /* Frameworks */ = {
			isa = PBXFrameworksBuildPhase;
			buildActionMask = 2147483647;
			files = (
			);
			runOnlyForDeploymentPostprocessing = 0;
		};
		4462FF0423F4AE9B009A9F66 /* Frameworks */ = {
			isa = PBXFrameworksBuildPhase;
			buildActionMask = 2147483647;
			files = (
			);
			runOnlyForDeploymentPostprocessing = 0;
		};
		4462FF0F23F4AE9B009A9F66 /* Frameworks */ = {
			isa = PBXFrameworksBuildPhase;
			buildActionMask = 2147483647;
			files = (
			);
			runOnlyForDeploymentPostprocessing = 0;
		};
/* End PBXFrameworksBuildPhase section */

/* Begin PBXGroup section */
		4462FEE823F4AE9A009A9F66 = {
			isa = PBXGroup;
			children = (
				4462FEF323F4AE9A009A9F66 /* Droplet */,
				4462FF0A23F4AE9B009A9F66 /* DropletTests */,
				4462FF1523F4AE9B009A9F66 /* DropletUITests */,
				4462FEF223F4AE9A009A9F66 /* Products */,
			);
			sourceTree = "<group>";
		};
		4462FEF223F4AE9A009A9F66 /* Products */ = {
			isa = PBXGroup;
			children = (
				4462FEF123F4AE9A009A9F66 /* Droplet.app */,
				4462FF0723F4AE9B009A9F66 /* DropletTests.xctest */,
				4462FF1223F4AE9B009A9F66 /* DropletUITests.xctest */,
			);
			name = Products;
			sourceTree = "<group>";
		};
		4462FEF323F4AE9A009A9F66 /* Droplet */ = {
			isa = PBXGroup;
			children = (
				4462FEF423F4AE9A009A9F66 /* AppDelegate.swift */,
				4462FEF623F4AE9A009A9F66 /* SceneDelegate.swift */,
				4462FEF823F4AE9A009A9F66 /* ViewController.swift */,
				4462FEFA23F4AE9A009A9F66 /* Main.storyboard */,
				4462FEFD23F4AE9B009A9F66 /* Assets.xcassets */,
				4462FEFF23F4AE9B009A9F66 /* LaunchScreen.storyboard */,
				4462FF0223F4AE9B009A9F66 /* Info.plist */,
			);
			path = Droplet;
			sourceTree = "<group>";
		};
		4462FF0A23F4AE9B009A9F66 /* DropletTests */ = {
			isa = PBXGroup;
			children = (
				4462FF0B23F4AE9B009A9F66 /* DropletTests.swift */,
				4462FF0D23F4AE9B009A9F66 /* Info.plist */,
			);
			path = DropletTests;
			sourceTree = "<group>";
		};
		4462FF1523F4AE9B009A9F66 /* DropletUITests */ = {
			isa = PBXGroup;
			children = (
				4462FF1623F4AE9B009A9F66 /* DropletUITests.swift */,
				4462FF1823F4AE9B009A9F66 /* Info.plist */,
			);
			path = DropletUITests;
			sourceTree = "<group>";
		};
/* End PBXGroup section */

/* Begin PBXNativeTarget section */
		4462FEF023F4AE9A009A9F66 /* Droplet */ = {
			isa = PBXNativeTarget;
			buildConfigurationList = 4462FF1B23F4AE9B009A9F66 /* Build configuration list for PBXNativeTarget "Droplet" */;
			buildPhases = (
				4462FEED23F4AE9A009A9F66 /* Sources */,
				4462FEEE23F4AE9A009A9F66 /* Frameworks */,
				4462FEEF23F4AE9A009A9F66 /* Resources */,
			);
			buildRules = (
			);
			dependencies = (
			);
			name = Droplet;
			productName = Droplet;
			productReference = 4462FEF123F4AE9A009A9F66 /* Droplet.app */;
			productType = "com.apple.product-type.application";
		};
		4462FF0623F4AE9B009A9F66 /* DropletTests */ = {
			isa = PBXNativeTarget;
			buildConfigurationList = 4462FF1E23F4AE9B009A9F66 /* Build configuration list for PBXNativeTarget "DropletTests" */;
			buildPhases = (
				4462FF0323F4AE9B009A9F66 /* Sources */,
				4462FF0423F4AE9B009A9F66 /* Frameworks */,
				4462FF0523F4AE9B009A9F66 /* Resources */,
			);
			buildRules = (
			);
			dependencies = (
				4462FF0923F4AE9B009A9F66 /* PBXTargetDependency */,
			);
			name = DropletTests;
			productName = DropletTests;
			productReference = 4462FF0723F4AE9B009A9F66 /* DropletTests.xctest */;
			productType = "com.apple.product-type.bundle.unit-test";
		};
		4462FF1123F4AE9B009A9F66 /* DropletUITests */ = {
			isa = PBXNativeTarget;
			buildConfigurationList = 4462FF2123F4AE9B009A9F66 /* Build configuration list for PBXNativeTarget "DropletUITests" */;
			buildPhases = (
				4462FF0E23F4AE9B009A9F66 /* Sources */,
				4462FF0F23F4AE9B009A9F66 /* Frameworks */,
				4462FF1023F4AE9B009A9F66 /* Resources */,
			);
			buildRules = (
			);
			dependencies = (
				4462FF1423F4AE9B009A9F66 /* PBXTargetDependency */,
			);
			name = DropletUITests;
			productName = DropletUITests;
			productReference = 4462FF1223F4AE9B009A9F66 /* DropletUITests.xctest */;
			productType = "com.apple.product-type.bundle.ui-testing";
		};
/* End PBXNativeTarget section */

/* Begin PBXProject section */
		4462FEE923F4AE9A009A9F66 /* Project object */ = {
			isa = PBXProject;
			attributes = {
				LastSwiftUpdateCheck = 1120;
				LastUpgradeCheck = 1120;
				ORGANIZATIONNAME = DropTeam;
				TargetAttributes = {
					4462FEF023F4AE9A009A9F66 = {
						CreatedOnToolsVersion = 11.2.1;
					};
					4462FF0623F4AE9B009A9F66 = {
						CreatedOnToolsVersion = 11.2.1;
						TestTargetID = 4462FEF023F4AE9A009A9F66;
					};
					4462FF1123F4AE9B009A9F66 = {
						CreatedOnToolsVersion = 11.2.1;
						TestTargetID = 4462FEF023F4AE9A009A9F66;
					};
				};
			};
			buildConfigurationList = 4462FEEC23F4AE9A009A9F66 /* Build configuration list for PBXProject "Droplet" */;
			compatibilityVersion = "Xcode 9.3";
			developmentRegion = en;
			hasScannedForEncodings = 0;
			knownRegions = (
				en,
				Base,
			);
			mainGroup = 4462FEE823F4AE9A009A9F66;
			productRefGroup = 4462FEF223F4AE9A009A9F66 /* Products */;
			projectDirPath = "";
			projectRoot = "";
			targets = (
				4462FEF023F4AE9A009A9F66 /* Droplet */,
				4462FF0623F4AE9B009A9F66 /* DropletTests */,
				4462FF1123F4AE9B009A9F66 /* DropletUITests */,
			);
		};
/* End PBXProject section */

/* Begin PBXResourcesBuildPhase section */
		4462FEEF23F4AE9A009A9F66 /* Resources */ = {
			isa = PBXResourcesBuildPhase;
			buildActionMask = 2147483647;
			files = (
				4462FF0123F4AE9B009A9F66 /* LaunchScreen.storyboard in Resources */,
				4462FEFE23F4AE9B009A9F66 /* Assets.xcassets in Resources */,
				4462FEFC23F4AE9A009A9F66 /* Main.storyboard in Resources */,
			);
			runOnlyForDeploymentPostprocessing = 0;
		};
		4462FF0523F4AE9B009A9F66 /* Resources */ = {
			isa = PBXResourcesBuildPhase;
			buildActionMask = 2147483647;
			files = (
			);
			runOnlyForDeploymentPostprocessing = 0;
		};
		4462FF1023F4AE9B009A9F66 /* Resources */ = {
			isa = PBXResourcesBuildPhase;
			buildActionMask = 2147483647;
			files = (
			);
			runOnlyForDeploymentPostprocessing = 0;
		};
/* End PBXResourcesBuildPhase section */

/* Begin PBXSourcesBuildPhase section */
		4462FEED23F4AE9A009A9F66 /* Sources */ = {
			isa = PBXSourcesBuildPhase;
			buildActionMask = 2147483647;
			files = (
				4462FEF923F4AE9A009A9F66 /* ViewController.swift in Sources */,
				4462FEF523F4AE9A009A9F66 /* AppDelegate.swift in Sources */,
				4462FEF723F4AE9A009A9F66 /* SceneDelegate.swift in Sources */,
			);
			runOnlyForDeploymentPostprocessing = 0;
		};
		4462FF0323F4AE9B009A9F66 /* Sources */ = {
			isa = PBXSourcesBuildPhase;
			buildActionMask = 2147483647;
			files = (
				4462FF0C23F4AE9B009A9F66 /* DropletTests.swift in Sources */,
			);
			runOnlyForDeploymentPostprocessing = 0;
		};
		4462FF0E23F4AE9B009A9F66 /* Sources */ = {
			isa = PBXSourcesBuildPhase;
			buildActionMask = 2147483647;
			files = (
				4462FF1723F4AE9B009A9F66 /* DropletUITests.swift in Sources */,
			);
			runOnlyForDeploymentPostprocessing = 0;
		};
/* End PBXSourcesBuildPhase section */

/* Begin PBXTargetDependency section */
		4462FF0923F4AE9B009A9F66 /* PBXTargetDependency */ = {
			isa = PBXTargetDependency;
			target = 4462FEF023F4AE9A009A9F66 /* Droplet */;
			targetProxy = 4462FF0823F4AE9B009A9F66 /* PBXContainerItemProxy */;
		};
		4462FF1423F4AE9B009A9F66 /* PBXTargetDependency */ = {
			isa = PBXTargetDependency;
			target = 4462FEF023F4AE9A009A9F66 /* Droplet */;
			targetProxy = 4462FF1323F4AE9B009A9F66 /* PBXContainerItemProxy */;
		};
/* End PBXTargetDependency section */

/* Begin PBXVariantGroup section */
		4462FEFA23F4AE9A009A9F66 /* Main.storyboard */ = {
			isa = PBXVariantGroup;
			children = (
				4462FEFB23F4AE9A009A9F66 /* Base */,
			);
			name = Main.storyboard;
			sourceTree = "<group>";
		};
		4462FEFF23F4AE9B009A9F66 /* LaunchScreen.storyboard */ = {
			isa = PBXVariantGroup;
			children = (
				4462FF0023F4AE9B009A9F66 /* Base */,
			);
			name = LaunchScreen.storyboard;
			sourceTree = "<group>";
		};
/* End PBXVariantGroup section */

/* Begin XCBuildConfiguration section */
		4462FF1923F4AE9B009A9F66 /* Debug */ = {
			isa = XCBuildConfiguration;
			buildSettings = {
				ALWAYS_SEARCH_USER_PATHS = NO;
				CLANG_ANALYZER_NONNULL = YES;
				CLANG_ANALYZER_NUMBER_OBJECT_CONVERSION = YES_AGGRESSIVE;
				CLANG_CXX_LANGUAGE_STANDARD = "gnu++14";
				CLANG_CXX_LIBRARY = "libc++";
				CLANG_ENABLE_MODULES = YES;
				CLANG_ENABLE_OBJC_ARC = YES;
				CLANG_ENABLE_OBJC_WEAK = YES;
				CLANG_WARN_BLOCK_CAPTURE_AUTORELEASING = YES;
				CLANG_WARN_BOOL_CONVERSION = YES;
				CLANG_WARN_COMMA = YES;
				CLANG_WARN_CONSTANT_CONVERSION = YES;
				CLANG_WARN_DEPRECATED_OBJC_IMPLEMENTATIONS = YES;
				CLANG_WARN_DIRECT_OBJC_ISA_USAGE = YES_ERROR;
				CLANG_WARN_DOCUMENTATION_COMMENTS = YES;
				CLANG_WARN_EMPTY_BODY = YES;
				CLANG_WARN_ENUM_CONVERSION = YES;
				CLANG_WARN_INFINITE_RECURSION = YES;
				CLANG_WARN_INT_CONVERSION = YES;
				CLANG_WARN_NON_LITERAL_NULL_CONVERSION = YES;
				CLANG_WARN_OBJC_IMPLICIT_RETAIN_SELF = YES;
				CLANG_WARN_OBJC_LITERAL_CONVERSION = YES;
				CLANG_WARN_OBJC_ROOT_CLASS = YES_ERROR;
				CLANG_WARN_RANGE_LOOP_ANALYSIS = YES;
				CLANG_WARN_STRICT_PROTOTYPES = YES;
				CLANG_WARN_SUSPICIOUS_MOVE = YES;
				CLANG_WARN_UNGUARDED_AVAILABILITY = YES_AGGRESSIVE;
				CLANG_WARN_UNREACHABLE_CODE = YES;
				CLANG_WARN__DUPLICATE_METHOD_MATCH = YES;
				COPY_PHASE_STRIP = NO;
				DEBUG_INFORMATION_FORMAT = dwarf;
				ENABLE_STRICT_OBJC_MSGSEND = YES;
				ENABLE_TESTABILITY = YES;
				GCC_C_LANGUAGE_STANDARD = gnu11;
				GCC_DYNAMIC_NO_PIC = NO;
				GCC_NO_COMMON_BLOCKS = YES;
				GCC_OPTIMIZATION_LEVEL = 0;
				GCC_PREPROCESSOR_DEFINITIONS = (
					"DEBUG=1",
					"$(inherited)",
				);
				GCC_WARN_64_TO_32_BIT_CONVERSION = YES;
				GCC_WARN_ABOUT_RETURN_TYPE = YES_ERROR;
				GCC_WARN_UNDECLARED_SELECTOR = YES;
				GCC_WARN_UNINITIALIZED_AUTOS = YES_AGGRESSIVE;
				GCC_WARN_UNUSED_FUNCTION = YES;
				GCC_WARN_UNUSED_VARIABLE = YES;
				IPHONEOS_DEPLOYMENT_TARGET = 13.2;
				MTL_ENABLE_DEBUG_INFO = INCLUDE_SOURCE;
				MTL_FAST_MATH = YES;
				ONLY_ACTIVE_ARCH = YES;
				SDKROOT = iphoneos;
				SWIFT_ACTIVE_COMPILATION_CONDITIONS = DEBUG;
				SWIFT_OPTIMIZATION_LEVEL = "-Onone";
			};
			name = Debug;
		};
		4462FF1A23F4AE9B009A9F66 /* Release */ = {
			isa = XCBuildConfiguration;
			buildSettings = {
				ALWAYS_SEARCH_USER_PATHS = NO;
				CLANG_ANALYZER_NONNULL = YES;
				CLANG_ANALYZER_NUMBER_OBJECT_CONVERSION = YES_AGGRESSIVE;
				CLANG_CXX_LANGUAGE_STANDARD = "gnu++14";
				CLANG_CXX_LIBRARY = "libc++";
				CLANG_ENABLE_MODULES = YES;
				CLANG_ENABLE_OBJC_ARC = YES;
				CLANG_ENABLE_OBJC_WEAK = YES;
				CLANG_WARN_BLOCK_CAPTURE_AUTORELEASING = YES;
				CLANG_WARN_BOOL_CONVERSION = YES;
				CLANG_WARN_COMMA = YES;
				CLANG_WARN_CONSTANT_CONVERSION = YES;
				CLANG_WARN_DEPRECATED_OBJC_IMPLEMENTATIONS = YES;
				CLANG_WARN_DIRECT_OBJC_ISA_USAGE = YES_ERROR;
				CLANG_WARN_DOCUMENTATION_COMMENTS = YES;
				CLANG_WARN_EMPTY_BODY = YES;
				CLANG_WARN_ENUM_CONVERSION = YES;
				CLANG_WARN_INFINITE_RECURSION = YES;
				CLANG_WARN_INT_CONVERSION = YES;
				CLANG_WARN_NON_LITERAL_NULL_CONVERSION = YES;
				CLANG_WARN_OBJC_IMPLICIT_RETAIN_SELF = YES;
				CLANG_WARN_OBJC_LITERAL_CONVERSION = YES;
				CLANG_WARN_OBJC_ROOT_CLASS = YES_ERROR;
				CLANG_WARN_RANGE_LOOP_ANALYSIS = YES;
				CLANG_WARN_STRICT_PROTOTYPES = YES;
				CLANG_WARN_SUSPICIOUS_MOVE = YES;
				CLANG_WARN_UNGUARDED_AVAILABILITY = YES_AGGRESSIVE;
				CLANG_WARN_UNREACHABLE_CODE = YES;
				CLANG_WARN__DUPLICATE_METHOD_MATCH = YES;
				COPY_PHASE_STRIP = NO;
				DEBUG_INFORMATION_FORMAT = "dwarf-with-dsym";
				ENABLE_NS_ASSERTIONS = NO;
				ENABLE_STRICT_OBJC_MSGSEND = YES;
				GCC_C_LANGUAGE_STANDARD = gnu11;
				GCC_NO_COMMON_BLOCKS = YES;
				GCC_WARN_64_TO_32_BIT_CONVERSION = YES;
				GCC_WARN_ABOUT_RETURN_TYPE = YES_ERROR;
				GCC_WARN_UNDECLARED_SELECTOR = YES;
				GCC_WARN_UNINITIALIZED_AUTOS = YES_AGGRESSIVE;
				GCC_WARN_UNUSED_FUNCTION = YES;
				GCC_WARN_UNUSED_VARIABLE = YES;
				IPHONEOS_DEPLOYMENT_TARGET = 13.2;
				MTL_ENABLE_DEBUG_INFO = NO;
				MTL_FAST_MATH = YES;
				SDKROOT = iphoneos;
				SWIFT_COMPILATION_MODE = wholemodule;
				SWIFT_OPTIMIZATION_LEVEL = "-O";
				VALIDATE_PRODUCT = YES;
			};
			name = Release;
		};
		4462FF1C23F4AE9B009A9F66 /* Debug */ = {
			isa = XCBuildConfiguration;
			buildSettings = {
				ASSETCATALOG_COMPILER_APPICON_NAME = AppIcon;
				CODE_SIGN_STYLE = Automatic;
				INFOPLIST_FILE = Droplet/Info.plist;
				LD_RUNPATH_SEARCH_PATHS = (
					"$(inherited)",
					"@executable_path/Frameworks",
				);
				PRODUCT_BUNDLE_IDENTIFIER = dev.droplet.Droplet;
				PRODUCT_NAME = "$(TARGET_NAME)";
				SWIFT_VERSION = 5.0;
				TARGETED_DEVICE_FAMILY = 1;
			};
			name = Debug;
		};
		4462FF1D23F4AE9B009A9F66 /* Release */ = {
			isa = XCBuildConfiguration;
			buildSettings = {
				ASSETCATALOG_COMPILER_APPICON_NAME = AppIcon;
				CODE_SIGN_STYLE = Automatic;
				INFOPLIST_FILE = Droplet/Info.plist;
				LD_RUNPATH_SEARCH_PATHS = (
					"$(inherited)",
					"@executable_path/Frameworks",
				);
				PRODUCT_BUNDLE_IDENTIFIER = dev.droplet.Droplet;
				PRODUCT_NAME = "$(TARGET_NAME)";
				SWIFT_VERSION = 5.0;
				TARGETED_DEVICE_FAMILY = 1;
			};
			name = Release;
		};
		4462FF1F23F4AE9B009A9F66 /* Debug */ = {
			isa = XCBuildConfiguration;
			buildSettings = {
				ALWAYS_EMBED_SWIFT_STANDARD_LIBRARIES = YES;
				BUNDLE_LOADER = "$(TEST_HOST)";
				CODE_SIGN_STYLE = Automatic;
				INFOPLIST_FILE = DropletTests/Info.plist;
				IPHONEOS_DEPLOYMENT_TARGET = 13.2;
				LD_RUNPATH_SEARCH_PATHS = (
					"$(inherited)",
					"@executable_path/Frameworks",
					"@loader_path/Frameworks",
				);
				PRODUCT_BUNDLE_IDENTIFIER = dev.snowshoes.DropletTests;
				PRODUCT_NAME = "$(TARGET_NAME)";
				SWIFT_VERSION = 5.0;
				TARGETED_DEVICE_FAMILY = "1,2";
				TEST_HOST = "$(BUILT_PRODUCTS_DIR)/Droplet.app/Droplet";
			};
			name = Debug;
		};
		4462FF2023F4AE9B009A9F66 /* Release */ = {
			isa = XCBuildConfiguration;
			buildSettings = {
				ALWAYS_EMBED_SWIFT_STANDARD_LIBRARIES = YES;
				BUNDLE_LOADER = "$(TEST_HOST)";
				CODE_SIGN_STYLE = Automatic;
				INFOPLIST_FILE = DropletTests/Info.plist;
				IPHONEOS_DEPLOYMENT_TARGET = 13.2;
				LD_RUNPATH_SEARCH_PATHS = (
					"$(inherited)",
					"@executable_path/Frameworks",
					"@loader_path/Frameworks",
				);
				PRODUCT_BUNDLE_IDENTIFIER = dev.snowshoes.DropletTests;
				PRODUCT_NAME = "$(TARGET_NAME)";
				SWIFT_VERSION = 5.0;
				TARGETED_DEVICE_FAMILY = "1,2";
				TEST_HOST = "$(BUILT_PRODUCTS_DIR)/Droplet.app/Droplet";
			};
			name = Release;
		};
		4462FF2223F4AE9B009A9F66 /* Debug */ = {
			isa = XCBuildConfiguration;
			buildSettings = {
				ALWAYS_EMBED_SWIFT_STANDARD_LIBRARIES = YES;
				CODE_SIGN_STYLE = Automatic;
				INFOPLIST_FILE = DropletUITests/Info.plist;
				LD_RUNPATH_SEARCH_PATHS = (
					"$(inherited)",
					"@executable_path/Frameworks",
					"@loader_path/Frameworks",
				);
				PRODUCT_BUNDLE_IDENTIFIER = dev.snowshoes.DropletUITests;
				PRODUCT_NAME = "$(TARGET_NAME)";
				SWIFT_VERSION = 5.0;
				TARGETED_DEVICE_FAMILY = "1,2";
				TEST_TARGET_NAME = Droplet;
			};
			name = Debug;
		};
		4462FF2323F4AE9B009A9F66 /* Release */ = {
			isa = XCBuildConfiguration;
			buildSettings = {
				ALWAYS_EMBED_SWIFT_STANDARD_LIBRARIES = YES;
				CODE_SIGN_STYLE = Automatic;
				INFOPLIST_FILE = DropletUITests/Info.plist;
				LD_RUNPATH_SEARCH_PATHS = (
					"$(inherited)",
					"@executable_path/Frameworks",
					"@loader_path/Frameworks",
				);
				PRODUCT_BUNDLE_IDENTIFIER = dev.snowshoes.DropletUITests;
				PRODUCT_NAME = "$(TARGET_NAME)";
				SWIFT_VERSION = 5.0;
				TARGETED_DEVICE_FAMILY = "1,2";
				TEST_TARGET_NAME = Droplet;
			};
			name = Release;
		};
/* End XCBuildConfiguration section */

/* Begin XCConfigurationList section */
		4462FEEC23F4AE9A009A9F66 /* Build configuration list for PBXProject "Droplet" */ = {
			isa = XCConfigurationList;
			buildConfigurations = (
				4462FF1923F4AE9B009A9F66 /* Debug */,
				4462FF1A23F4AE9B009A9F66 /* Release */,
			);
			defaultConfigurationIsVisible = 0;
			defaultConfigurationName = Release;
		};
		4462FF1B23F4AE9B009A9F66 /* Build configuration list for PBXNativeTarget "Droplet" */ = {
			isa = XCConfigurationList;
			buildConfigurations = (
				4462FF1C23F4AE9B009A9F66 /* Debug */,
				4462FF1D23F4AE9B009A9F66 /* Release */,
			);
			defaultConfigurationIsVisible = 0;
			defaultConfigurationName = Release;
		};
		4462FF1E23F4AE9B009A9F66 /* Build configuration list for PBXNativeTarget "DropletTests" */ = {
			isa = XCConfigurationList;
			buildConfigurations = (
				4462FF1F23F4AE9B009A9F66 /* Debug */,
				4462FF2023F4AE9B009A9F66 /* Release */,
			);
			defaultConfigurationIsVisible = 0;
			defaultConfigurationName = Release;
		};
		4462FF2123F4AE9B009A9F66 /* Build configuration list for PBXNativeTarget "DropletUITests" */ = {
			isa = XCConfigurationList;
			buildConfigurations = (
				4462FF2223F4AE9B009A9F66 /* Debug */,
				4462FF2323F4AE9B009A9F66 /* Release */,
			);
			defaultConfigurationIsVisible = 0;
			defaultConfigurationName = Release;
		};
/* End XCConfigurationList section */
	};
	rootObject = 4462FEE923F4AE9A009A9F66 /* Project object */;
}
